
Microsoft Visual Studio Solution File, Format Version 12.00
# Visual Studio 15
VisualStudioVersion = 15.0.26124.0
MinimumVisualStudioVersion = 15.0.26124.0
Project("{FAE04EC0-301F-11D3-BF4B-00C04F79EFBC}") = "uptime", "src\uptime.csproj", "{7A7E65C2-A8A3-414E-A33B-2DEE71C5239E}"
EndProject
Project("{FAE04EC0-301F-11D3-BF4B-00C04F79EFBC}") = "test", "test\test.csproj", "{E2453F4C-257F-4BF1-84A6-66424D4D4C9F}"
EndProject
Global
	GlobalSection(SolutionConfigurationPlatforms) = preSolution
		Debug|Any CPU = Debug|Any CPU
		Debug|x64 = Debug|x64
		Debug|x86 = Debug|x86
		Release|Any CPU = Release|Any CPU
		Release|x64 = Release|x64
		Release|x86 = Release|x86
	EndGlobalSection
	GlobalSection(SolutionProperties) = preSolution
		HideSolutionNode = FALSE
	EndGlobalSection
	GlobalSection(ProjectConfigurationPlatforms) = postSolution
		{7A7E65C2-A8A3-414E-A33B-2DEE71C5239E}.Debug|Any CPU.ActiveCfg = Debug|Any CPU
		{7A7E65C2-A8A3-414E-A33B-2DEE71C5239E}.Debug|Any CPU.Build.0 = Debug|Any CPU
		{7A7E65C2-A8A3-414E-A33B-2DEE71C5239E}.Debug|x64.ActiveCfg = Debug|Any CPU
		{7A7E65C2-A8A3-414E-A33B-2DEE71C5239E}.Debug|x64.Build.0 = Debug|Any CPU
		{7A7E65C2-A8A3-414E-A33B-2DEE71C5239E}.Debug|x86.ActiveCfg = Debug|Any CPU
		{7A7E65C2-A8A3-414E-A33B-2DEE71C5239E}.Debug|x86.Build.0 = Debug|Any CPU
		{7A7E65C2-A8A3-414E-A33B-2DEE71C5239E}.Release|Any CPU.ActiveCfg = Release|Any CPU
		{7A7E65C2-A8A3-414E-A33B-2DEE71C5239E}.Release|Any CPU.Build.0 = Release|Any CPU
		{7A7E65C2-A8A3-414E-A33B-2DEE71C5239E}.Release|x64.ActiveCfg = Release|Any CPU
		{7A7E65C2-A8A3-414E-A33B-2DEE71C5239E}.Release|x64.Build.0 = Release|Any CPU
		{7A7E65C2-A8A3-414E-A33B-2DEE71C5239E}.Release|x86.ActiveCfg = Release|Any CPU
		{7A7E65C2-A8A3-414E-A33B-2DEE71C5239E}.Release|x86.Build.0 = Release|Any CPU
		{E2453F4C-257F-4BF1-84A6-66424D4D4C9F}.Debug|Any CPU.ActiveCfg = Debug|Any CPU
		{E2453F4C-257F-4BF1-84A6-66424D4D4C9F}.Debug|Any CPU.Build.0 = Debug|Any CPU
		{E2453F4C-257F-4BF1-84A6-66424D4D4C9F}.Debug|x64.ActiveCfg = Debug|Any CPU
		{E2453F4C-257F-4BF1-84A6-66424D4D4C9F}.Debug|x64.Build.0 = Debug|Any CPU
		{E2453F4C-257F-4BF1-84A6-66424D4D4C9F}.Debug|x86.ActiveCfg = Debug|Any CPU
		{E2453F4C-257F-4BF1-84A6-66424D4D4C9F}.Debug|x86.Build.0 = Debug|Any CPU
		{E2453F4C-257F-4BF1-84A6-66424D4D4C9F}.Release|Any CPU.ActiveCfg = Release|Any CPU
		{E2453F4C-257F-4BF1-84A6-66424D4D4C9F}.Release|Any CPU.Build.0 = Release|Any CPU
		{E2453F4C-257F-4BF1-84A6-66424D4D4C9F}.Release|x64.ActiveCfg = Release|Any CPU
		{E2453F4C-257F-4BF1-84A6-66424D4D4C9F}.Release|x64.Build.0 = Release|Any CPU
		{E2453F4C-257F-4BF1-84A6-66424D4D4C9F}.Release|x86.ActiveCfg = Release|Any CPU
		{E2453F4C-257F-4BF1-84A6-66424D4D4C9F}.Release|x86.Build.0 = Release|Any CPU
	EndGlobalSection
EndGlobal
